{
    "name": "@loupeteam/librarybuilderproject",
    "version": "0.2.0",
    "lockfileVersion": 3,
    "requires": true,
    "packages": {
        "": {
            "name": "@loupeteam/librarybuilderproject",
            "version": "0.2.0",
            "license": "MIT",
            "dependencies": {
                "@loupeteam/librarybuilderproject": "^0.3.0",
                "@loupeteam/websocket": "^0.2.0"
            }
        },
        "node_modules/@loupeteam/librarybuilderproject": {
            "version": "0.3.0",
            "resolved": "https://npm.pkg.github.com/download/@loupeteam/librarybuilderproject/0.3.0/9c3c1fc98350439d618573f3b465d94e3ae1e000",
            "integrity": "sha512-kUOwhpPoqQ1DikLGFBH3c8+nsb28ayX2IpQRC0UaEg34cV4GrRoI0FvkSovc3tgrGohpyvxFPRy5C6TM5wj7JA==",
            "license": "MIT"
        },
        "node_modules/@loupeteam/stringext": {
            "version": "0.14.4",
            "resolved": "https://npm.pkg.github.com/download/@loupeteam/stringext/0.14.4/9d7c965dd094afeaf89b9f48c9b882ce798890dc",
            "integrity": "sha512-xYNj2b+SUxIgM5ZvB+BgDL+cqWkaKHAN65GbyNCd1B/SExiqUDO/VMa77/Sk2XlIZdzXj5mXxjwU/zjY97WsMg==",
            "license": "MIT"
        },
        "node_modules/@loupeteam/tcpcomm": {
            "version": "0.10.0",
            "resolved": "https://npm.pkg.github.com/download/@loupeteam/tcpcomm/0.10.0/38e4ab8cba58b7463701059bde22d905dddd19e4",
            "integrity": "sha512-jhao/10Zyv8nSNpdd5AoghApqj7b8GP8sXjfpS0CL6xXMFOoUR9cUfjxAFd85hce0GaEnIN7h7HN1e3FFiCoJQ==",
            "license": "MIT"
        },
        "node_modules/@loupeteam/websocket": {
            "version": "0.2.0",
            "resolved": "https://npm.pkg.github.com/download/@loupeteam/websocket/0.2.0/047c3bcad9e37bd9d5bdeb92e22f677f989e7dd5",
            "integrity": "sha512-3oZ0+IkN89o4vR53c38ZBWBMJ38qibgA9daXVvLJhf2EOtwf72Pb/CJx60My9sZOY1kl6HudA/JjecE27Zfv2g==",
            "license": "Loupe Software License Agreement",
            "dependencies": {
                "@loupeteam/stringext": ">=0.14.0 <=0.14.9",
                "@loupeteam/tcpcomm": ">=0.10.0 <=0.10.9"
            }
        }
    }
}
